
Microsoft Visual Studio Solution File, Format Version 12.00
# Visual Studio Version 17
VisualStudioVersion = 17.7.34221.43
MinimumVisualStudioVersion = 10.0.40219.1
Project("{888888A0-9F3D-457C-B088-3A5042F75D52}") = "ArkCalc", "ArkCalc.pyproj", "{E5517987-294D-4FBB-AFAD-516DEC065933}"
EndProject
Global
	GlobalSection(SolutionConfigurationPlatforms) = preSolution
		Debug|Any CPU = Debug|Any CPU
		Release|Any CPU = Release|Any CPU
	EndGlobalSection
	GlobalSection(ProjectConfigurationPlatforms) = postSolution
		{E5517987-294D-4FBB-AFAD-516DEC065933}.Debug|Any CPU.ActiveCfg = Debug|Any CPU
		{E5517987-294D-4FBB-AFAD-516DEC065933}.Release|Any CPU.ActiveCfg = Release|Any CPU
	EndGlobalSection
	GlobalSection(SolutionProperties) = preSolution
		HideSolutionNode = FALSE
	EndGlobalSection
	GlobalSection(ExtensibilityGlobals) = postSolution
		SolutionGuid = {856CF312-A8FE-4B57-B90C-881F2A41A3ED}
	EndGlobalSection
EndGlobal
